
Microsoft Visual Studio Solution File, Format Version 12.00
# Visual Studio 2012
Project("{FAE04EC0-301F-11D3-BF4B-00C04F79EFBC}") = "SNDC.Main", "SNDC.Main\SNDC.Main.csproj", "{B6679F1F-D6CA-4E0A-AA5E-8B62370DAD95}"
EndProject
Project("{FAE04EC0-301F-11D3-BF4B-00C04F79EFBC}") = "SNDC.LoanHistory", "SNDC.LoanHistory\SNDC.LoanHistory.csproj", "{8722F9B0-AFE2-4160-B02F-45628EA27509}"
EndProject
Project("{FAE04EC0-301F-11D3-BF4B-00C04F79EFBC}") = "SNDC.LoanLedger", "SNDC.LoanLedger\SNDC.LoanLedger.csproj", "{D13B832C-31D6-4574-A7A4-645E728E497D}"
EndProject
Project("{FAE04EC0-301F-11D3-BF4B-00C04F79EFBC}") = "SNDC.MasterFile", "SNDC.MasterFile\SNDC.MasterFile.csproj", "{49228F7E-F13D-4ABF-B535-65CC78C5524F}"
EndProject
Project("{FAE04EC0-301F-11D3-BF4B-00C04F79EFBC}") = "SNDC.Utilities", "SNDC.Utilities\SNDC.Utilities.csproj", "{8BFD36A2-C855-40C8-8AC3-B3F42971429A}"
EndProject
Project("{FAE04EC0-301F-11D3-BF4B-00C04F79EFBC}") = "SNDC.LoanApplication", "SNDC.LoanApplication\SNDC.LoanApplication.csproj", "{DDBB1667-5814-45FB-A1EC-02601C886ABD}"
EndProject
Project("{FAE04EC0-301F-11D3-BF4B-00C04F79EFBC}") = "SNDC.GL", "SNDC.GL\SNDC.GL.csproj", "{EEA776B6-6DF8-473A-82FF-18A8B8DF285F}"
EndProject
Project("{FAE04EC0-301F-11D3-BF4B-00C04F79EFBC}") = "SNDC.Collections", "SNDC.Collections\SNDC.Collections.csproj", "{1DC056EF-2C92-4301-9C56-A21F384EED70}"
EndProject
Global
	GlobalSection(SolutionConfigurationPlatforms) = preSolution
		CD_ROM|Any CPU = CD_ROM|Any CPU
		Debug|Any CPU = Debug|Any CPU
		DVD-5|Any CPU = DVD-5|Any CPU
		Release|Any CPU = Release|Any CPU
		SingleImage|Any CPU = SingleImage|Any CPU
	EndGlobalSection
	GlobalSection(ProjectConfigurationPlatforms) = postSolution
		{B6679F1F-D6CA-4E0A-AA5E-8B62370DAD95}.CD_ROM|Any CPU.ActiveCfg = Release|Any CPU
		{B6679F1F-D6CA-4E0A-AA5E-8B62370DAD95}.CD_ROM|Any CPU.Build.0 = Release|Any CPU
		{B6679F1F-D6CA-4E0A-AA5E-8B62370DAD95}.Debug|Any CPU.ActiveCfg = Debug|Any CPU
		{B6679F1F-D6CA-4E0A-AA5E-8B62370DAD95}.Debug|Any CPU.Build.0 = Debug|Any CPU
		{B6679F1F-D6CA-4E0A-AA5E-8B62370DAD95}.DVD-5|Any CPU.ActiveCfg = Debug|Any CPU
		{B6679F1F-D6CA-4E0A-AA5E-8B62370DAD95}.DVD-5|Any CPU.Build.0 = Debug|Any CPU
		{B6679F1F-D6CA-4E0A-AA5E-8B62370DAD95}.Release|Any CPU.ActiveCfg = Release|Any CPU
		{B6679F1F-D6CA-4E0A-AA5E-8B62370DAD95}.Release|Any CPU.Build.0 = Release|Any CPU
		{B6679F1F-D6CA-4E0A-AA5E-8B62370DAD95}.SingleImage|Any CPU.ActiveCfg = Release|Any CPU
		{B6679F1F-D6CA-4E0A-AA5E-8B62370DAD95}.SingleImage|Any CPU.Build.0 = Release|Any CPU
		{8722F9B0-AFE2-4160-B02F-45628EA27509}.CD_ROM|Any CPU.ActiveCfg = Release|Any CPU
		{8722F9B0-AFE2-4160-B02F-45628EA27509}.CD_ROM|Any CPU.Build.0 = Release|Any CPU
		{8722F9B0-AFE2-4160-B02F-45628EA27509}.Debug|Any CPU.ActiveCfg = Debug|Any CPU
		{8722F9B0-AFE2-4160-B02F-45628EA27509}.Debug|Any CPU.Build.0 = Debug|Any CPU
		{8722F9B0-AFE2-4160-B02F-45628EA27509}.DVD-5|Any CPU.ActiveCfg = Debug|Any CPU
		{8722F9B0-AFE2-4160-B02F-45628EA27509}.DVD-5|Any CPU.Build.0 = Debug|Any CPU
		{8722F9B0-AFE2-4160-B02F-45628EA27509}.Release|Any CPU.ActiveCfg = Release|Any CPU
		{8722F9B0-AFE2-4160-B02F-45628EA27509}.Release|Any CPU.Build.0 = Release|Any CPU
		{8722F9B0-AFE2-4160-B02F-45628EA27509}.SingleImage|Any CPU.ActiveCfg = Release|Any CPU
		{8722F9B0-AFE2-4160-B02F-45628EA27509}.SingleImage|Any CPU.Build.0 = Release|Any CPU
		{D13B832C-31D6-4574-A7A4-645E728E497D}.CD_ROM|Any CPU.ActiveCfg = Release|Any CPU
		{D13B832C-31D6-4574-A7A4-645E728E497D}.CD_ROM|Any CPU.Build.0 = Release|Any CPU
		{D13B832C-31D6-4574-A7A4-645E728E497D}.Debug|Any CPU.ActiveCfg = Debug|Any CPU
		{D13B832C-31D6-4574-A7A4-645E728E497D}.Debug|Any CPU.Build.0 = Debug|Any CPU
		{D13B832C-31D6-4574-A7A4-645E728E497D}.DVD-5|Any CPU.ActiveCfg = Debug|Any CPU
		{D13B832C-31D6-4574-A7A4-645E728E497D}.DVD-5|Any CPU.Build.0 = Debug|Any CPU
		{D13B832C-31D6-4574-A7A4-645E728E497D}.Release|Any CPU.ActiveCfg = Release|Any CPU
		{D13B832C-31D6-4574-A7A4-645E728E497D}.Release|Any CPU.Build.0 = Release|Any CPU
		{D13B832C-31D6-4574-A7A4-645E728E497D}.SingleImage|Any CPU.ActiveCfg = Release|Any CPU
		{D13B832C-31D6-4574-A7A4-645E728E497D}.SingleImage|Any CPU.Build.0 = Release|Any CPU
		{49228F7E-F13D-4ABF-B535-65CC78C5524F}.CD_ROM|Any CPU.ActiveCfg = Release|Any CPU
		{49228F7E-F13D-4ABF-B535-65CC78C5524F}.CD_ROM|Any CPU.Build.0 = Release|Any CPU
		{49228F7E-F13D-4ABF-B535-65CC78C5524F}.Debug|Any CPU.ActiveCfg = Debug|Any CPU
		{49228F7E-F13D-4ABF-B535-65CC78C5524F}.Debug|Any CPU.Build.0 = Debug|Any CPU
		{49228F7E-F13D-4ABF-B535-65CC78C5524F}.DVD-5|Any CPU.ActiveCfg = Debug|Any CPU
		{49228F7E-F13D-4ABF-B535-65CC78C5524F}.DVD-5|Any CPU.Build.0 = Debug|Any CPU
		{49228F7E-F13D-4ABF-B535-65CC78C5524F}.Release|Any CPU.ActiveCfg = Release|Any CPU
		{49228F7E-F13D-4ABF-B535-65CC78C5524F}.Release|Any CPU.Build.0 = Release|Any CPU
		{49228F7E-F13D-4ABF-B535-65CC78C5524F}.SingleImage|Any CPU.ActiveCfg = Release|Any CPU
		{49228F7E-F13D-4ABF-B535-65CC78C5524F}.SingleImage|Any CPU.Build.0 = Release|Any CPU
		{8BFD36A2-C855-40C8-8AC3-B3F42971429A}.CD_ROM|Any CPU.ActiveCfg = Release|Any CPU
		{8BFD36A2-C855-40C8-8AC3-B3F42971429A}.CD_ROM|Any CPU.Build.0 = Release|Any CPU
		{8BFD36A2-C855-40C8-8AC3-B3F42971429A}.Debug|Any CPU.ActiveCfg = Debug|Any CPU
		{8BFD36A2-C855-40C8-8AC3-B3F42971429A}.Debug|Any CPU.Build.0 = Debug|Any CPU
		{8BFD36A2-C855-40C8-8AC3-B3F42971429A}.DVD-5|Any CPU.ActiveCfg = Debug|Any CPU
		{8BFD36A2-C855-40C8-8AC3-B3F42971429A}.DVD-5|Any CPU.Build.0 = Debug|Any CPU
		{8BFD36A2-C855-40C8-8AC3-B3F42971429A}.Release|Any CPU.ActiveCfg = Release|Any CPU
		{8BFD36A2-C855-40C8-8AC3-B3F42971429A}.Release|Any CPU.Build.0 = Release|Any CPU
		{8BFD36A2-C855-40C8-8AC3-B3F42971429A}.SingleImage|Any CPU.ActiveCfg = Release|Any CPU
		{8BFD36A2-C855-40C8-8AC3-B3F42971429A}.SingleImage|Any CPU.Build.0 = Release|Any CPU
		{DDBB1667-5814-45FB-A1EC-02601C886ABD}.CD_ROM|Any CPU.ActiveCfg = Release|Any CPU
		{DDBB1667-5814-45FB-A1EC-02601C886ABD}.CD_ROM|Any CPU.Build.0 = Release|Any CPU
		{DDBB1667-5814-45FB-A1EC-02601C886ABD}.Debug|Any CPU.ActiveCfg = Debug|Any CPU
		{DDBB1667-5814-45FB-A1EC-02601C886ABD}.Debug|Any CPU.Build.0 = Debug|Any CPU
		{DDBB1667-5814-45FB-A1EC-02601C886ABD}.DVD-5|Any CPU.ActiveCfg = Debug|Any CPU
		{DDBB1667-5814-45FB-A1EC-02601C886ABD}.DVD-5|Any CPU.Build.0 = Debug|Any CPU
		{DDBB1667-5814-45FB-A1EC-02601C886ABD}.Release|Any CPU.ActiveCfg = Release|Any CPU
		{DDBB1667-5814-45FB-A1EC-02601C886ABD}.Release|Any CPU.Build.0 = Release|Any CPU
		{DDBB1667-5814-45FB-A1EC-02601C886ABD}.SingleImage|Any CPU.ActiveCfg = Release|Any CPU
		{DDBB1667-5814-45FB-A1EC-02601C886ABD}.SingleImage|Any CPU.Build.0 = Release|Any CPU
		{EEA776B6-6DF8-473A-82FF-18A8B8DF285F}.CD_ROM|Any CPU.ActiveCfg = Release|Any CPU
		{EEA776B6-6DF8-473A-82FF-18A8B8DF285F}.CD_ROM|Any CPU.Build.0 = Release|Any CPU
		{EEA776B6-6DF8-473A-82FF-18A8B8DF285F}.Debug|Any CPU.ActiveCfg = Debug|Any CPU
		{EEA776B6-6DF8-473A-82FF-18A8B8DF285F}.Debug|Any CPU.Build.0 = Debug|Any CPU
		{EEA776B6-6DF8-473A-82FF-18A8B8DF285F}.DVD-5|Any CPU.ActiveCfg = Debug|Any CPU
		{EEA776B6-6DF8-473A-82FF-18A8B8DF285F}.DVD-5|Any CPU.Build.0 = Debug|Any CPU
		{EEA776B6-6DF8-473A-82FF-18A8B8DF285F}.Release|Any CPU.ActiveCfg = Release|Any CPU
		{EEA776B6-6DF8-473A-82FF-18A8B8DF285F}.Release|Any CPU.Build.0 = Release|Any CPU
		{EEA776B6-6DF8-473A-82FF-18A8B8DF285F}.SingleImage|Any CPU.ActiveCfg = Release|Any CPU
		{EEA776B6-6DF8-473A-82FF-18A8B8DF285F}.SingleImage|Any CPU.Build.0 = Release|Any CPU
		{1DC056EF-2C92-4301-9C56-A21F384EED70}.CD_ROM|Any CPU.ActiveCfg = Release|Any CPU
		{1DC056EF-2C92-4301-9C56-A21F384EED70}.CD_ROM|Any CPU.Build.0 = Release|Any CPU
		{1DC056EF-2C92-4301-9C56-A21F384EED70}.Debug|Any CPU.ActiveCfg = Debug|Any CPU
		{1DC056EF-2C92-4301-9C56-A21F384EED70}.Debug|Any CPU.Build.0 = Debug|Any CPU
		{1DC056EF-2C92-4301-9C56-A21F384EED70}.DVD-5|Any CPU.ActiveCfg = Debug|Any CPU
		{1DC056EF-2C92-4301-9C56-A21F384EED70}.DVD-5|Any CPU.Build.0 = Debug|Any CPU
		{1DC056EF-2C92-4301-9C56-A21F384EED70}.Release|Any CPU.ActiveCfg = Release|Any CPU
		{1DC056EF-2C92-4301-9C56-A21F384EED70}.Release|Any CPU.Build.0 = Release|Any CPU
		{1DC056EF-2C92-4301-9C56-A21F384EED70}.SingleImage|Any CPU.ActiveCfg = Release|Any CPU
		{1DC056EF-2C92-4301-9C56-A21F384EED70}.SingleImage|Any CPU.Build.0 = Release|Any CPU
	EndGlobalSection
	GlobalSection(SolutionProperties) = preSolution
		HideSolutionNode = FALSE
	EndGlobalSection
	GlobalSection(ExtensibilityGlobals) = postSolution
		VisualSVNWorkingCopyRoot = .
	EndGlobalSection
EndGlobal
